
Microsoft Visual Studio Solution File, Format Version 12.00
# Visual Studio Express 2013 for Web
VisualStudioVersion = 12.0.30501.0
MinimumVisualStudioVersion = 10.0.40219.1
Project("{FAE04EC0-301F-11D3-BF4B-00C04F79EFBC}") = "MudMarks", "MudMarks\MudMarks.csproj", "{D2C7E186-3F89-4BF5-826A-5516FE061FC5}"
EndProject
Project("{FAE04EC0-301F-11D3-BF4B-00C04F79EFBC}") = "MudMarks.Tests", "MudMarks.Tests\MudMarks.Tests.csproj", "{FFD3A243-AE86-4FD1-A49D-88440FB1EFEF}"
EndProject
Global
	GlobalSection(SolutionConfigurationPlatforms) = preSolution
		Debug|Any CPU = Debug|Any CPU
		Release|Any CPU = Release|Any CPU
	EndGlobalSection
	GlobalSection(ProjectConfigurationPlatforms) = postSolution
		{D2C7E186-3F89-4BF5-826A-5516FE061FC5}.Debug|Any CPU.ActiveCfg = Debug|Any CPU
		{D2C7E186-3F89-4BF5-826A-5516FE061FC5}.Debug|Any CPU.Build.0 = Debug|Any CPU
		{D2C7E186-3F89-4BF5-826A-5516FE061FC5}.Release|Any CPU.ActiveCfg = Release|Any CPU
		{D2C7E186-3F89-4BF5-826A-5516FE061FC5}.Release|Any CPU.Build.0 = Release|Any CPU
		{FFD3A243-AE86-4FD1-A49D-88440FB1EFEF}.Debug|Any CPU.ActiveCfg = Debug|Any CPU
		{FFD3A243-AE86-4FD1-A49D-88440FB1EFEF}.Debug|Any CPU.Build.0 = Debug|Any CPU
		{FFD3A243-AE86-4FD1-A49D-88440FB1EFEF}.Release|Any CPU.ActiveCfg = Release|Any CPU
		{FFD3A243-AE86-4FD1-A49D-88440FB1EFEF}.Release|Any CPU.Build.0 = Release|Any CPU
	EndGlobalSection
	GlobalSection(SolutionProperties) = preSolution
		HideSolutionNode = FALSE
	EndGlobalSection
EndGlobal
